
Microsoft Visual Studio Solution File, Format Version 12.00
# Visual Studio Version 16
VisualStudioVersion = 16.0.28803.452
MinimumVisualStudioVersion = 10.0.40219.1
Project("{FAE04EC0-301F-11D3-BF4B-00C04F79EFBC}") = "LoopLab-Social-Theme-BS4", "LoopLab-Social-Theme-BS4\LoopLab-Social-Theme-BS4.csproj", "{2E708FFC-6D47-4467-8BA2-283AC1A1D737}"
EndProject
Global
	GlobalSection(SolutionConfigurationPlatforms) = preSolution
		Debug|Any CPU = Debug|Any CPU
		Release|Any CPU = Release|Any CPU
	EndGlobalSection
	GlobalSection(ProjectConfigurationPlatforms) = postSolution
		{2E708FFC-6D47-4467-8BA2-283AC1A1D737}.Debug|Any CPU.ActiveCfg = Debug|Any CPU
		{2E708FFC-6D47-4467-8BA2-283AC1A1D737}.Debug|Any CPU.Build.0 = Debug|Any CPU
		{2E708FFC-6D47-4467-8BA2-283AC1A1D737}.Release|Any CPU.ActiveCfg = Release|Any CPU
		{2E708FFC-6D47-4467-8BA2-283AC1A1D737}.Release|Any CPU.Build.0 = Release|Any CPU
	EndGlobalSection
	GlobalSection(SolutionProperties) = preSolution
		HideSolutionNode = FALSE
	EndGlobalSection
	GlobalSection(ExtensibilityGlobals) = postSolution
		SolutionGuid = {A71C121B-E5C8-404A-A1DB-F86C807D9063}
	EndGlobalSection
EndGlobal
